{
  "version": 4,
  "terraform_version": "1.9.8",
  "serial": 111,
  "lineage": "ef73de67-f2f4-353e-2828-5c9b8805929a",
  "outputs": {
    "db_vm_ips": {
      "value": [
        "",
        ""
      ],
      "type": [
        "tuple",
        [
          "string",
          "string"
        ]
      ]
    },
    "loadbalancer_ip": {
      "value": "/subscriptions/adb1fec0-5b72-4581-bf80-43770a4b9bfb/resourceGroups/my-resource-group/providers/Microsoft.Network/publicIPAddresses/lb-public-ip",
      "type": "string"
    },
    "web_vm_ip": {
      "value": "51.144.179.238",
      "type": "string"
    }
  },
  "resources": [
    {
      "mode": "managed",
      "type": "azurerm_resource_group",
      "name": "main",
      "provider": "provider[\"registry.terraform.io/hashicorp/azurerm\"]",
      "instances": [
        {
          "schema_version": 0,
          "attributes": {
            "id": "/subscriptions/adb1fec0-5b72-4581-bf80-43770a4b9bfb/resourceGroups/my-resource-group",
            "location": "westeurope",
            "managed_by": "",
            "name": "my-resource-group",
            "tags": {},
            "timeouts": null
          },
          "sensitive_attributes": [],
          "private": "eyJlMmJmYjczMC1lY2FhLTExZTYtOGY4OC0zNDM2M2JjN2M0YzAiOnsiY3JlYXRlIjo1NDAwMDAwMDAwMDAwLCJkZWxldGUiOjU0MDAwMDAwMDAwMDAsInJlYWQiOjMwMDAwMDAwMDAwMCwidXBkYXRlIjo1NDAwMDAwMDAwMDAwfX0="
        }
      ]
    },
    {
      "module": "module.loadbalancer",
      "mode": "managed",
      "type": "azurerm_lb",
      "name": "db_lb",
      "provider": "provider[\"registry.terraform.io/hashicorp/azurerm\"]",
      "instances": [
        {
          "schema_version": 0,
          "attributes": {
            "edge_zone": "",
            "frontend_ip_configuration": [
              {
                "gateway_load_balancer_frontend_ip_configuration_id": "",
                "id": "/subscriptions/adb1fec0-5b72-4581-bf80-43770a4b9bfb/resourceGroups/my-resource-group/providers/Microsoft.Network/loadBalancers/db-loadbalancer/frontendIPConfigurations/PublicIPAddress",
                "inbound_nat_rules": [],
                "load_balancer_rules": [],
                "name": "PublicIPAddress",
                "outbound_rules": [],
                "private_ip_address": "",
                "private_ip_address_allocation": "Dynamic",
                "private_ip_address_version": "",
                "public_ip_address_id": "/subscriptions/adb1fec0-5b72-4581-bf80-43770a4b9bfb/resourceGroups/my-resource-group/providers/Microsoft.Network/publicIPAddresses/lb-public-ip",
                "public_ip_prefix_id": "",
                "subnet_id": "",
                "zones": null
              }
            ],
            "id": "/subscriptions/adb1fec0-5b72-4581-bf80-43770a4b9bfb/resourceGroups/my-resource-group/providers/Microsoft.Network/loadBalancers/db-loadbalancer",
            "location": "westeurope",
            "name": "db-loadbalancer",
            "private_ip_address": "",
            "private_ip_addresses": [],
            "resource_group_name": "my-resource-group",
            "sku": "Standard",
            "sku_tier": "Regional",
            "tags": null,
            "timeouts": null
          },
          "sensitive_attributes": [],
          "private": "eyJlMmJmYjczMC1lY2FhLTExZTYtOGY4OC0zNDM2M2JjN2M0YzAiOnsiY3JlYXRlIjoxODAwMDAwMDAwMDAwLCJkZWxldGUiOjE4MDAwMDAwMDAwMDAsInJlYWQiOjMwMDAwMDAwMDAwMCwidXBkYXRlIjoxODAwMDAwMDAwMDAwfX0=",
          "dependencies": [
            "azurerm_resource_group.main",
            "module.loadbalancer.azurerm_public_ip.lb_public_ip"
          ]
        }
      ]
    },
    {
      "module": "module.loadbalancer",
      "mode": "managed",
      "type": "azurerm_lb_rule",
      "name": "db_lb_rule",
      "provider": "provider[\"registry.terraform.io/hashicorp/azurerm\"]",
      "instances": [
        {
          "schema_version": 0,
          "attributes": {
            "backend_address_pool_ids": null,
            "backend_port": 3306,
            "disable_outbound_snat": false,
            "enable_floating_ip": false,
            "enable_tcp_reset": false,
            "frontend_ip_configuration_id": "/subscriptions/adb1fec0-5b72-4581-bf80-43770a4b9bfb/resourceGroups/my-resource-group/providers/Microsoft.Network/loadBalancers/db-loadbalancer/frontendIPConfigurations/PublicIPAddress",
            "frontend_ip_configuration_name": "PublicIPAddress",
            "frontend_port": 3306,
            "id": "/subscriptions/adb1fec0-5b72-4581-bf80-43770a4b9bfb/resourceGroups/my-resource-group/providers/Microsoft.Network/loadBalancers/db-loadbalancer/loadBalancingRules/dbLoadBalancerRule",
            "idle_timeout_in_minutes": 4,
            "load_distribution": "Default",
            "loadbalancer_id": "/subscriptions/adb1fec0-5b72-4581-bf80-43770a4b9bfb/resourceGroups/my-resource-group/providers/Microsoft.Network/loadBalancers/db-loadbalancer",
            "name": "dbLoadBalancerRule",
            "probe_id": "",
            "protocol": "Tcp",
            "timeouts": null
          },
          "sensitive_attributes": [],
          "private": "eyJlMmJmYjczMC1lY2FhLTExZTYtOGY4OC0zNDM2M2JjN2M0YzAiOnsiY3JlYXRlIjoxODAwMDAwMDAwMDAwLCJkZWxldGUiOjE4MDAwMDAwMDAwMDAsInJlYWQiOjMwMDAwMDAwMDAwMCwidXBkYXRlIjoxODAwMDAwMDAwMDAwfX0=",
          "dependencies": [
            "azurerm_resource_group.main",
            "module.loadbalancer.azurerm_lb.db_lb",
            "module.loadbalancer.azurerm_public_ip.lb_public_ip"
          ]
        }
      ]
    },
    {
      "module": "module.loadbalancer",
      "mode": "managed",
      "type": "azurerm_public_ip",
      "name": "lb_public_ip",
      "provider": "provider[\"registry.terraform.io/hashicorp/azurerm\"]",
      "instances": [
        {
          "schema_version": 0,
          "attributes": {
            "allocation_method": "Static",
            "ddos_protection_mode": "VirtualNetworkInherited",
            "ddos_protection_plan_id": null,
            "domain_name_label": null,
            "edge_zone": "",
            "fqdn": null,
            "id": "/subscriptions/adb1fec0-5b72-4581-bf80-43770a4b9bfb/resourceGroups/my-resource-group/providers/Microsoft.Network/publicIPAddresses/lb-public-ip",
            "idle_timeout_in_minutes": 4,
            "ip_address": "51.137.64.236",
            "ip_tags": null,
            "ip_version": "IPv4",
            "location": "westeurope",
            "name": "lb-public-ip",
            "public_ip_prefix_id": null,
            "resource_group_name": "my-resource-group",
            "reverse_fqdn": null,
            "sku": "Standard",
            "sku_tier": "Regional",
            "tags": null,
            "timeouts": null,
            "zones": null
          },
          "sensitive_attributes": [],
          "private": "eyJlMmJmYjczMC1lY2FhLTExZTYtOGY4OC0zNDM2M2JjN2M0YzAiOnsiY3JlYXRlIjoxODAwMDAwMDAwMDAwLCJkZWxldGUiOjE4MDAwMDAwMDAwMDAsInJlYWQiOjMwMDAwMDAwMDAwMCwidXBkYXRlIjoxODAwMDAwMDAwMDAwfX0=",
          "dependencies": [
            "azurerm_resource_group.main"
          ]
        }
      ]
    },
    {
      "module": "module.network",
      "mode": "managed",
      "type": "azurerm_network_security_group",
      "name": "nsg",
      "provider": "provider[\"registry.terraform.io/hashicorp/azurerm\"]",
      "instances": [
        {
          "schema_version": 0,
          "attributes": {
            "id": "/subscriptions/adb1fec0-5b72-4581-bf80-43770a4b9bfb/resourceGroups/my-resource-group/providers/Microsoft.Network/networkSecurityGroups/my-resource-group-nsg",
            "location": "westeurope",
            "name": "my-resource-group-nsg",
            "resource_group_name": "my-resource-group",
            "security_rule": [
              {
                "access": "Allow",
                "description": "",
                "destination_address_prefix": "*",
                "destination_address_prefixes": [],
                "destination_application_security_group_ids": [],
                "destination_port_range": "22",
                "destination_port_ranges": [],
                "direction": "Inbound",
                "name": "AllowSSH",
                "priority": 100,
                "protocol": "Tcp",
                "source_address_prefix": "*",
                "source_address_prefixes": [],
                "source_application_security_group_ids": [],
                "source_port_range": "*",
                "source_port_ranges": []
              },
              {
                "access": "Allow",
                "description": "",
                "destination_address_prefix": "*",
                "destination_address_prefixes": [],
                "destination_application_security_group_ids": [],
                "destination_port_range": "80",
                "destination_port_ranges": [],
                "direction": "Inbound",
                "name": "AllowHTTP",
                "priority": 200,
                "protocol": "Tcp",
                "source_address_prefix": "*",
                "source_address_prefixes": [],
                "source_application_security_group_ids": [],
                "source_port_range": "*",
                "source_port_ranges": []
              }
            ],
            "tags": null,
            "timeouts": null
          },
          "sensitive_attributes": [],
          "private": "eyJlMmJmYjczMC1lY2FhLTExZTYtOGY4OC0zNDM2M2JjN2M0YzAiOnsiY3JlYXRlIjoxODAwMDAwMDAwMDAwLCJkZWxldGUiOjE4MDAwMDAwMDAwMDAsInJlYWQiOjMwMDAwMDAwMDAwMCwidXBkYXRlIjoxODAwMDAwMDAwMDAwfX0=",
          "dependencies": [
            "azurerm_resource_group.main"
          ]
        }
      ]
    },
    {
      "module": "module.network",
      "mode": "managed",
      "type": "azurerm_subnet",
      "name": "subnet",
      "provider": "provider[\"registry.terraform.io/hashicorp/azurerm\"]",
      "instances": [
        {
          "schema_version": 0,
          "attributes": {
            "address_prefixes": [
              "10.0.1.0/24"
            ],
            "default_outbound_access_enabled": true,
            "delegation": [],
            "enforce_private_link_endpoint_network_policies": false,
            "enforce_private_link_service_network_policies": false,
            "id": "/subscriptions/adb1fec0-5b72-4581-bf80-43770a4b9bfb/resourceGroups/my-resource-group/providers/Microsoft.Network/virtualNetworks/myVNet/subnets/mySubnet",
            "name": "mySubnet",
            "private_endpoint_network_policies": "Enabled",
            "private_endpoint_network_policies_enabled": true,
            "private_link_service_network_policies_enabled": true,
            "resource_group_name": "my-resource-group",
            "service_endpoint_policy_ids": null,
            "service_endpoints": null,
            "timeouts": null,
            "virtual_network_name": "myVNet"
          },
          "sensitive_attributes": [],
          "private": "eyJlMmJmYjczMC1lY2FhLTExZTYtOGY4OC0zNDM2M2JjN2M0YzAiOnsiY3JlYXRlIjoxODAwMDAwMDAwMDAwLCJkZWxldGUiOjE4MDAwMDAwMDAwMDAsInJlYWQiOjMwMDAwMDAwMDAwMCwidXBkYXRlIjoxODAwMDAwMDAwMDAwfX0=",
          "dependencies": [
            "azurerm_resource_group.main",
            "module.network.azurerm_virtual_network.vnet"
          ]
        }
      ]
    },
    {
      "module": "module.network",
      "mode": "managed",
      "type": "azurerm_virtual_network",
      "name": "vnet",
      "provider": "provider[\"registry.terraform.io/hashicorp/azurerm\"]",
      "instances": [
        {
          "schema_version": 0,
          "attributes": {
            "address_space": [
              "10.0.0.0/16"
            ],
            "bgp_community": "",
            "ddos_protection_plan": [],
            "dns_servers": [],
            "edge_zone": "",
            "encryption": [],
            "flow_timeout_in_minutes": 0,
            "guid": "2f8aae1f-b376-423b-8341-b37ed27c9d19",
            "id": "/subscriptions/adb1fec0-5b72-4581-bf80-43770a4b9bfb/resourceGroups/my-resource-group/providers/Microsoft.Network/virtualNetworks/myVNet",
            "location": "westeurope",
            "name": "myVNet",
            "resource_group_name": "my-resource-group",
            "subnet": [],
            "tags": null,
            "timeouts": null
          },
          "sensitive_attributes": [],
          "private": "eyJlMmJmYjczMC1lY2FhLTExZTYtOGY4OC0zNDM2M2JjN2M0YzAiOnsiY3JlYXRlIjoxODAwMDAwMDAwMDAwLCJkZWxldGUiOjE4MDAwMDAwMDAwMDAsInJlYWQiOjMwMDAwMDAwMDAwMCwidXBkYXRlIjoxODAwMDAwMDAwMDAwfX0=",
          "dependencies": [
            "azurerm_resource_group.main"
          ]
        }
      ]
    },
    {
      "module": "module.vm",
      "mode": "managed",
      "type": "azapi_resource",
      "name": "ssh_public_key",
      "provider": "provider[\"registry.terraform.io/azure/azapi\"]",
      "instances": [
        {
          "schema_version": 1,
          "attributes": {
            "body": {
              "value": "{}",
              "type": "string"
            },
            "id": "/subscriptions/adb1fec0-5b72-4581-bf80-43770a4b9bfb/resourceGroups/my-resource-group/providers/Microsoft.Compute/sshPublicKeys/sshprettytarpon",
            "identity": [],
            "ignore_body_changes": null,
            "ignore_casing": false,
            "ignore_missing_property": true,
            "location": "westeurope",
            "locks": null,
            "name": "sshprettytarpon",
            "output": {
              "value": "{}",
              "type": "string"
            },
            "parent_id": "/subscriptions/adb1fec0-5b72-4581-bf80-43770a4b9bfb/resourceGroups/my-resource-group",
            "removing_special_chars": false,
            "response_export_values": null,
            "schema_validation_enabled": true,
            "tags": null,
            "timeouts": null,
            "type": "Microsoft.Compute/sshPublicKeys@2022-11-01"
          },
          "sensitive_attributes": [],
          "dependencies": [
            "azurerm_resource_group.main",
            "module.vm.random_pet.ssh_key_name"
          ]
        }
      ]
    },
    {
      "module": "module.vm",
      "mode": "managed",
      "type": "azapi_resource_action",
      "name": "ssh_public_key_gen",
      "provider": "provider[\"registry.terraform.io/azure/azapi\"]",
      "instances": [
        {
          "schema_version": 1,
          "attributes": {
            "action": "generateKeyPair",
            "body": null,
            "id": "/subscriptions/adb1fec0-5b72-4581-bf80-43770a4b9bfb/resourceGroups/my-resource-group/providers/Microsoft.Compute/sshPublicKeys/sshprettytarpon/generateKeyPair",
            "locks": null,
            "method": "POST",
            "output": {
              "value": {
                "privateKey": "-----BEGIN RSA PRIVATE KEY-----\r\nMIIG5QIBAAKCAYEAv/Yu34fLu2FbyahktVrpZPmse22pPWp38kxMZv5kBZQWe0e8\r\n/rSqSUqUV7yzUK6RiOzsKilTFDHzoDmmQNuvMHwUqCB2us+RczSs1K3Xj8Ht9lSD\r\nVtFQQgubQsnGk/BtQR38GcXRc3pCmLxfX97dtnJKd+tdBPy939WpnZXoyYXxPJUy\r\noYXL1845pHPAfek554zTytlYWeWv6YPShcWJWDyh2tGoskSXjdeBPepHoY7lmlxA\r\nbI5JenN6T2BCqnWSd1n5YeVD6K5TXY/wGVu4f36OAh1+KnJUywKQP0+qvk+lZUGP\r\nl57aozrRXwmpSnMM+fPbS3L0zY6x7Bhi7bMkJf1t+YQNkUonykfIyHvd8hmHLD9u\r\n3l2lu0Qe0s58s0GDq8Sl93PLGDuAKx7gd8CcS/QoCVH6YRDlM+cOAljgFqRC8fZJ\r\nb5HjG+IkfEjxaq51MHaxL1uFsZlk7PxY+8kfas+kYVREEu8U+B7CHxtE5HrEJFou\r\nT5om1CGR1Xt9robxAgMBAAECggGASC2G3mGvBxvKaX65rz8ptt/yLM7E7eTUiPSL\r\nXcaVUUunUF9e/t5rkPdL49l+Cv44lqWO/yNeq59EnaBPlN+FddOR6M2cFw3pAMpz\r\nmdxryw/+K7sHT2OQq+S1Ul2QHxwt2Ggv3Hj3ElaMJ+Xcbq3b67f5rDGBXliyBDHQ\r\nfwJY7z0/wanPydAHH3PZVK55WF6TeS8Ii6NBhzvH8yOvysDFrbnOmfpvVehYm+rG\r\nG8O1f1e9mVbKmoa9th8phCMLrhBahJLLjO0b8huxQvv+KaY2FYjZkZONlcun+sx9\r\nv54pMo1wxFBw1gCIy9TXOmztTPRoyWGup+qRQK570ZoE0qak/T11PMCzZCRpQZqg\r\nCXHw9od4a9/uUoQd4NCLMdKOKCDygrnSgvK9qY1GQIX2DmWSFrcPL0s5+5f0gaLm\r\nw69BbI/I+cd9dN7IlIc/Wzu27MtjOcx8aHuV60WOQldW1peBo1Wvo8mHnzXB7IPL\r\nw8b8uGlfUchxXOMqHSLcRVNgJZBJAoHBAPW2kIg6BFA2v6+nbC67Ry0dE5Y9vm24\r\n5+fVqO+lrkqCiYGYwvkm+kLCJ3m8A32C/LZRiN7BFxglXgXDL5yANA3RV3gyqNCx\r\noBikAmA1ZEkNXQna7sOhlP+ZE01HuDyTNNFyG6ch/yjCls/0RwrXj91eCgMr8y53\r\nk2krKClPDykve3sduCKs+3huToXhBM/Fl81jy7lq0Ww9S73Edf5p1aXiksX3IHMA\r\njQMEHvuk8ZU0hlrvJDAHcxiNmNPQFLIohwKBwQDH/4ku2ZgTDu1OfBtjcbd9fAU7\r\nTiYSxZ/EUN0hCkgTPcrmqNmEa3bIF7m3DQhJiyumskysYtDwMZ4zBj3NiYrYwSlp\r\nF4wjRTfoc724uePkF7+isLCIP5qVFHMIDbJr7WxsMrI9e2hdz+NqdNoqHUyMaTfT\r\nd8ZCY/Y1dBt38dkdpcGxTyHTPTxgXRXpKNeNXAOAX4WP9Ct7yBWHVwptHDdEvFXY\r\nhU7q3KvhA9y3rmtq+EluVPY/BlblRLZpn402SscCgcEA1zDQW74T0Pxh3EBQaozx\r\nxPzWDpp8kDOERnHExjzf67lvG+ThvLr6KkVHtUGH/QAeur2llRCeXTM8qOdMZ0+Q\r\nRxmz9TzIxB0MDQh2XDPmZGQju2HWAdcdWsyBLwlEvShe9Z9twG3xvYzN78oL/d7T\r\nzBdzxVtUWrm2jECTp7npmTRQfH6GqTe99LcGZhGv2Rc/300rOnPmfVkhYE0S2YFu\r\n7x0DVgUckhtFZALT76eBPB8IG9OcacPcdQBte/OcbHs5AoHBAJcYTyO98E41sMLi\r\nsC5o8x8yWyF64Pi9pP5DuUwE4H7o6Clq1ypbpdl1UzEf/2rQYaIGgjaaUQ+l7MbP\r\nqFFn4CXxiL+EsrLS0HIlPugYSDtCVd0rb7L/mmGWmXE0J9+x93+mrVIVsbtuG3mJ\r\n3miCyhoqQ6rXikkODCxGE5qCdG0ZlUPHbN6SHNMQgEUuPerl4R9TCyy+YzuY5erh\r\nr1bPQlIDlzeFPyHgpVnR+SYr96tQ+OkJ9x+WQn/jcYxKpfymcQKBwQCbt7ufkcmE\r\nGjPdNB1ci1kQ1zQ/a2YLQ8rg0jVGl5vQLgKyxC1zniIXCHNdPM6jyuQd+DFeYW02\r\n59G4Z9TmlQpyBQlgK2tGwZsLAcTNye2/UubuZIWc6PFb3PsEL2SlHdKL4Qc99xl+\r\n/boeFo+3Vg+yYEZbjP0MQGSzF496gZ+969xcbnl3u5SWJJBP3jztbs2q0CMuaDwH\r\nNJutoucobKYEGwhuSnZ5+RbJ5QnORqgEHx7uPF1BMBboeXWGi4pjKkM=\r\n-----END RSA PRIVATE KEY-----\r\n",
                "publicKey": "ssh-rsa AAAAB3NzaC1yc2EAAAADAQABAAABgQC/9i7fh8u7YVvJqGS1Wulk+ax7bak9anfyTExm/mQFlBZ7R7z+tKpJSpRXvLNQrpGI7OwqKVMUMfOgOaZA268wfBSoIHa6z5FzNKzUrdePwe32VINW0VBCC5tCycaT8G1BHfwZxdFzekKYvF9f3t22ckp3610E/L3f1amdlejJhfE8lTKhhcvXzjmkc8B96TnnjNPK2VhZ5a/pg9KFxYlYPKHa0aiyRJeN14E96kehjuWaXEBsjkl6c3pPYEKqdZJ3Wflh5UPorlNdj/AZW7h/fo4CHX4qclTLApA/T6q+T6VlQY+XntqjOtFfCalKcwz589tLcvTNjrHsGGLtsyQl/W35hA2RSifKR8jIe93yGYcsP27eXaW7RB7SznyzQYOrxKX3c8sYO4ArHuB3wJxL9CgJUfphEOUz5w4CWOAWpELx9klvkeMb4iR8SPFqrnUwdrEvW4WxmWTs/Fj7yR9qz6RhVEQS7xT4HsIfG0TkesQkWi5PmibUIZHVe32uhvE= generated-by-azure"
              },
              "type": [
                "object",
                {
                  "privateKey": "string",
                  "publicKey": "string"
                }
              ]
            },
            "resource_id": "/subscriptions/adb1fec0-5b72-4581-bf80-43770a4b9bfb/resourceGroups/my-resource-group/providers/Microsoft.Compute/sshPublicKeys/sshprettytarpon",
            "response_export_values": [
              "publicKey",
              "privateKey"
            ],
            "timeouts": null,
            "type": "Microsoft.Compute/sshPublicKeys@2022-11-01",
            "when": "apply"
          },
          "sensitive_attributes": [],
          "dependencies": [
            "azurerm_resource_group.main",
            "module.vm.azapi_resource.ssh_public_key",
            "module.vm.random_pet.ssh_key_name"
          ]
        }
      ]
    },
    {
      "module": "module.vm",
      "mode": "managed",
      "type": "azurerm_linux_virtual_machine",
      "name": "db_vm",
      "provider": "provider[\"registry.terraform.io/hashicorp/azurerm\"]",
      "instances": [
        {
          "index_key": 0,
          "schema_version": 0,
          "attributes": {
            "additional_capabilities": [],
            "admin_password": "YourStrongPassword123!",
            "admin_ssh_key": [
              {
                "public_key": "ssh-rsa AAAAB3NzaC1yc2EAAAADAQABAAABgQC/9i7fh8u7YVvJqGS1Wulk+ax7bak9anfyTExm/mQFlBZ7R7z+tKpJSpRXvLNQrpGI7OwqKVMUMfOgOaZA268wfBSoIHa6z5FzNKzUrdePwe32VINW0VBCC5tCycaT8G1BHfwZxdFzekKYvF9f3t22ckp3610E/L3f1amdlejJhfE8lTKhhcvXzjmkc8B96TnnjNPK2VhZ5a/pg9KFxYlYPKHa0aiyRJeN14E96kehjuWaXEBsjkl6c3pPYEKqdZJ3Wflh5UPorlNdj/AZW7h/fo4CHX4qclTLApA/T6q+T6VlQY+XntqjOtFfCalKcwz589tLcvTNjrHsGGLtsyQl/W35hA2RSifKR8jIe93yGYcsP27eXaW7RB7SznyzQYOrxKX3c8sYO4ArHuB3wJxL9CgJUfphEOUz5w4CWOAWpELx9klvkeMb4iR8SPFqrnUwdrEvW4WxmWTs/Fj7yR9qz6RhVEQS7xT4HsIfG0TkesQkWi5PmibUIZHVe32uhvE= generated-by-azure",
                "username": "adminuser"
              }
            ],
            "admin_username": "adminuser",
            "allow_extension_operations": true,
            "availability_set_id": "",
            "boot_diagnostics": [],
            "bypass_platform_safety_checks_on_user_schedule_enabled": false,
            "capacity_reservation_group_id": "",
            "computer_name": "db-vm-1",
            "custom_data": null,
            "dedicated_host_group_id": "",
            "dedicated_host_id": "",
            "disable_password_authentication": true,
            "disk_controller_type": "",
            "edge_zone": "",
            "encryption_at_host_enabled": false,
            "eviction_policy": "",
            "extensions_time_budget": "PT1H30M",
            "gallery_application": [],
            "id": "/subscriptions/adb1fec0-5b72-4581-bf80-43770a4b9bfb/resourceGroups/my-resource-group/providers/Microsoft.Compute/virtualMachines/db-vm-1",
            "identity": [],
            "license_type": "",
            "location": "westeurope",
            "max_bid_price": -1,
            "name": "db-vm-1",
            "network_interface_ids": [
              "/subscriptions/adb1fec0-5b72-4581-bf80-43770a4b9bfb/resourceGroups/my-resource-group/providers/Microsoft.Network/networkInterfaces/db-nic-1"
            ],
            "os_disk": [
              {
                "caching": "ReadWrite",
                "diff_disk_settings": [],
                "disk_encryption_set_id": "",
                "disk_size_gb": 30,
                "name": "db-vm-1_OsDisk_1_f13ec4898ff942458c34ee1047efba99",
                "secure_vm_disk_encryption_set_id": "",
                "security_encryption_type": "",
                "storage_account_type": "Standard_LRS",
                "write_accelerator_enabled": false
              }
            ],
            "os_image_notification": [],
            "patch_assessment_mode": "ImageDefault",
            "patch_mode": "ImageDefault",
            "plan": [],
            "platform_fault_domain": -1,
            "priority": "Regular",
            "private_ip_address": "10.0.1.5",
            "private_ip_addresses": [
              "10.0.1.5"
            ],
            "provision_vm_agent": true,
            "proximity_placement_group_id": "",
            "public_ip_address": "",
            "public_ip_addresses": [],
            "reboot_setting": "",
            "resource_group_name": "my-resource-group",
            "secret": [],
            "secure_boot_enabled": false,
            "size": "Standard_B1ms",
            "source_image_id": "",
            "source_image_reference": [
              {
                "offer": "UbuntuServer",
                "publisher": "Canonical",
                "sku": "18.04-LTS",
                "version": "latest"
              }
            ],
            "tags": null,
            "termination_notification": null,
            "timeouts": null,
            "user_data": "",
            "virtual_machine_id": "1daaa59d-127f-4284-a0ad-4ea8f0dcee77",
            "virtual_machine_scale_set_id": "",
            "vm_agent_platform_updates_enabled": false,
            "vtpm_enabled": false,
            "zone": ""
          },
          "sensitive_attributes": [
            [
              {
                "type": "get_attr",
                "value": "admin_password"
              }
            ],
            [
              {
                "type": "get_attr",
                "value": "custom_data"
              }
            ]
          ],
          "private": "eyJlMmJmYjczMC1lY2FhLTExZTYtOGY4OC0zNDM2M2JjN2M0YzAiOnsiY3JlYXRlIjoyNzAwMDAwMDAwMDAwLCJkZWxldGUiOjI3MDAwMDAwMDAwMDAsInJlYWQiOjMwMDAwMDAwMDAwMCwidXBkYXRlIjoyNzAwMDAwMDAwMDAwfX0=",
          "dependencies": [
            "azurerm_resource_group.main",
            "module.network.azurerm_subnet.subnet",
            "module.network.azurerm_virtual_network.vnet",
            "module.vm.azapi_resource.ssh_public_key",
            "module.vm.azapi_resource_action.ssh_public_key_gen",
            "module.vm.azurerm_network_interface.db_nic",
            "module.vm.random_pet.ssh_key_name"
          ]
        },
        {
          "index_key": 1,
          "schema_version": 0,
          "attributes": {
            "additional_capabilities": [],
            "admin_password": "YourStrongPassword123!",
            "admin_ssh_key": [
              {
                "public_key": "ssh-rsa AAAAB3NzaC1yc2EAAAADAQABAAABgQC/9i7fh8u7YVvJqGS1Wulk+ax7bak9anfyTExm/mQFlBZ7R7z+tKpJSpRXvLNQrpGI7OwqKVMUMfOgOaZA268wfBSoIHa6z5FzNKzUrdePwe32VINW0VBCC5tCycaT8G1BHfwZxdFzekKYvF9f3t22ckp3610E/L3f1amdlejJhfE8lTKhhcvXzjmkc8B96TnnjNPK2VhZ5a/pg9KFxYlYPKHa0aiyRJeN14E96kehjuWaXEBsjkl6c3pPYEKqdZJ3Wflh5UPorlNdj/AZW7h/fo4CHX4qclTLApA/T6q+T6VlQY+XntqjOtFfCalKcwz589tLcvTNjrHsGGLtsyQl/W35hA2RSifKR8jIe93yGYcsP27eXaW7RB7SznyzQYOrxKX3c8sYO4ArHuB3wJxL9CgJUfphEOUz5w4CWOAWpELx9klvkeMb4iR8SPFqrnUwdrEvW4WxmWTs/Fj7yR9qz6RhVEQS7xT4HsIfG0TkesQkWi5PmibUIZHVe32uhvE= generated-by-azure",
                "username": "adminuser"
              }
            ],
            "admin_username": "adminuser",
            "allow_extension_operations": true,
            "availability_set_id": "",
            "boot_diagnostics": [],
            "bypass_platform_safety_checks_on_user_schedule_enabled": false,
            "capacity_reservation_group_id": "",
            "computer_name": "db-vm-2",
            "custom_data": null,
            "dedicated_host_group_id": "",
            "dedicated_host_id": "",
            "disable_password_authentication": true,
            "disk_controller_type": "",
            "edge_zone": "",
            "encryption_at_host_enabled": false,
            "eviction_policy": "",
            "extensions_time_budget": "PT1H30M",
            "gallery_application": [],
            "id": "/subscriptions/adb1fec0-5b72-4581-bf80-43770a4b9bfb/resourceGroups/my-resource-group/providers/Microsoft.Compute/virtualMachines/db-vm-2",
            "identity": [],
            "license_type": "",
            "location": "westeurope",
            "max_bid_price": -1,
            "name": "db-vm-2",
            "network_interface_ids": [
              "/subscriptions/adb1fec0-5b72-4581-bf80-43770a4b9bfb/resourceGroups/my-resource-group/providers/Microsoft.Network/networkInterfaces/db-nic-2"
            ],
            "os_disk": [
              {
                "caching": "ReadWrite",
                "diff_disk_settings": [],
                "disk_encryption_set_id": "",
                "disk_size_gb": 30,
                "name": "db-vm-2_OsDisk_1_325a69a927f4459492ebc4ef594bd4c0",
                "secure_vm_disk_encryption_set_id": "",
                "security_encryption_type": "",
                "storage_account_type": "Standard_LRS",
                "write_accelerator_enabled": false
              }
            ],
            "os_image_notification": [],
            "patch_assessment_mode": "ImageDefault",
            "patch_mode": "ImageDefault",
            "plan": [],
            "platform_fault_domain": -1,
            "priority": "Regular",
            "private_ip_address": "10.0.1.4",
            "private_ip_addresses": [
              "10.0.1.4"
            ],
            "provision_vm_agent": true,
            "proximity_placement_group_id": "",
            "public_ip_address": "",
            "public_ip_addresses": [],
            "reboot_setting": "",
            "resource_group_name": "my-resource-group",
            "secret": [],
            "secure_boot_enabled": false,
            "size": "Standard_B1ms",
            "source_image_id": "",
            "source_image_reference": [
              {
                "offer": "UbuntuServer",
                "publisher": "Canonical",
                "sku": "18.04-LTS",
                "version": "latest"
              }
            ],
            "tags": null,
            "termination_notification": null,
            "timeouts": null,
            "user_data": "",
            "virtual_machine_id": "774bf18e-91e3-4ee4-9c85-066946d2caca",
            "virtual_machine_scale_set_id": "",
            "vm_agent_platform_updates_enabled": false,
            "vtpm_enabled": false,
            "zone": ""
          },
          "sensitive_attributes": [
            [
              {
                "type": "get_attr",
                "value": "custom_data"
              }
            ],
            [
              {
                "type": "get_attr",
                "value": "admin_password"
              }
            ]
          ],
          "private": "eyJlMmJmYjczMC1lY2FhLTExZTYtOGY4OC0zNDM2M2JjN2M0YzAiOnsiY3JlYXRlIjoyNzAwMDAwMDAwMDAwLCJkZWxldGUiOjI3MDAwMDAwMDAwMDAsInJlYWQiOjMwMDAwMDAwMDAwMCwidXBkYXRlIjoyNzAwMDAwMDAwMDAwfX0=",
          "dependencies": [
            "azurerm_resource_group.main",
            "module.network.azurerm_subnet.subnet",
            "module.network.azurerm_virtual_network.vnet",
            "module.vm.azapi_resource.ssh_public_key",
            "module.vm.azapi_resource_action.ssh_public_key_gen",
            "module.vm.azurerm_network_interface.db_nic",
            "module.vm.random_pet.ssh_key_name"
          ]
        }
      ]
    },
    {
      "module": "module.vm",
      "mode": "managed",
      "type": "azurerm_linux_virtual_machine",
      "name": "web_vm",
      "provider": "provider[\"registry.terraform.io/hashicorp/azurerm\"]",
      "instances": [
        {
          "schema_version": 0,
          "attributes": {
            "additional_capabilities": [],
            "admin_password": "YourStrongPassword123!",
            "admin_ssh_key": [
              {
                "public_key": "ssh-rsa AAAAB3NzaC1yc2EAAAADAQABAAABgQC/9i7fh8u7YVvJqGS1Wulk+ax7bak9anfyTExm/mQFlBZ7R7z+tKpJSpRXvLNQrpGI7OwqKVMUMfOgOaZA268wfBSoIHa6z5FzNKzUrdePwe32VINW0VBCC5tCycaT8G1BHfwZxdFzekKYvF9f3t22ckp3610E/L3f1amdlejJhfE8lTKhhcvXzjmkc8B96TnnjNPK2VhZ5a/pg9KFxYlYPKHa0aiyRJeN14E96kehjuWaXEBsjkl6c3pPYEKqdZJ3Wflh5UPorlNdj/AZW7h/fo4CHX4qclTLApA/T6q+T6VlQY+XntqjOtFfCalKcwz589tLcvTNjrHsGGLtsyQl/W35hA2RSifKR8jIe93yGYcsP27eXaW7RB7SznyzQYOrxKX3c8sYO4ArHuB3wJxL9CgJUfphEOUz5w4CWOAWpELx9klvkeMb4iR8SPFqrnUwdrEvW4WxmWTs/Fj7yR9qz6RhVEQS7xT4HsIfG0TkesQkWi5PmibUIZHVe32uhvE= generated-by-azure",
                "username": "adminuser"
              }
            ],
            "admin_username": "adminuser",
            "allow_extension_operations": true,
            "availability_set_id": "",
            "boot_diagnostics": [],
            "bypass_platform_safety_checks_on_user_schedule_enabled": false,
            "capacity_reservation_group_id": "",
            "computer_name": "web-vm",
            "custom_data": null,
            "dedicated_host_group_id": "",
            "dedicated_host_id": "",
            "disable_password_authentication": true,
            "disk_controller_type": "",
            "edge_zone": "",
            "encryption_at_host_enabled": false,
            "eviction_policy": "",
            "extensions_time_budget": "PT1H30M",
            "gallery_application": [],
            "id": "/subscriptions/adb1fec0-5b72-4581-bf80-43770a4b9bfb/resourceGroups/my-resource-group/providers/Microsoft.Compute/virtualMachines/web-vm",
            "identity": [],
            "license_type": "",
            "location": "westeurope",
            "max_bid_price": -1,
            "name": "web-vm",
            "network_interface_ids": [
              "/subscriptions/adb1fec0-5b72-4581-bf80-43770a4b9bfb/resourceGroups/my-resource-group/providers/Microsoft.Network/networkInterfaces/web-nic"
            ],
            "os_disk": [
              {
                "caching": "ReadWrite",
                "diff_disk_settings": [],
                "disk_encryption_set_id": "",
                "disk_size_gb": 30,
                "name": "web-vm_disk1_da1f232a27e047ed8dfb312d1e368413",
                "secure_vm_disk_encryption_set_id": "",
                "security_encryption_type": "",
                "storage_account_type": "Standard_LRS",
                "write_accelerator_enabled": false
              }
            ],
            "os_image_notification": [],
            "patch_assessment_mode": "ImageDefault",
            "patch_mode": "ImageDefault",
            "plan": [],
            "platform_fault_domain": -1,
            "priority": "Regular",
            "private_ip_address": "10.0.1.6",
            "private_ip_addresses": [
              "10.0.1.6"
            ],
            "provision_vm_agent": true,
            "proximity_placement_group_id": "",
            "public_ip_address": "51.144.179.238",
            "public_ip_addresses": [
              "51.144.179.238"
            ],
            "reboot_setting": "",
            "resource_group_name": "my-resource-group",
            "secret": [],
            "secure_boot_enabled": false,
            "size": "Standard_B1s",
            "source_image_id": "",
            "source_image_reference": [
              {
                "offer": "UbuntuServer",
                "publisher": "Canonical",
                "sku": "18.04-LTS",
                "version": "latest"
              }
            ],
            "tags": null,
            "termination_notification": null,
            "timeouts": null,
            "user_data": "",
            "virtual_machine_id": "e1c05582-3b14-4c25-9895-1389a768b826",
            "virtual_machine_scale_set_id": "",
            "vm_agent_platform_updates_enabled": false,
            "vtpm_enabled": false,
            "zone": ""
          },
          "sensitive_attributes": [
            [
              {
                "type": "get_attr",
                "value": "admin_password"
              }
            ],
            [
              {
                "type": "get_attr",
                "value": "custom_data"
              }
            ]
          ],
          "private": "eyJlMmJmYjczMC1lY2FhLTExZTYtOGY4OC0zNDM2M2JjN2M0YzAiOnsiY3JlYXRlIjoyNzAwMDAwMDAwMDAwLCJkZWxldGUiOjI3MDAwMDAwMDAwMDAsInJlYWQiOjMwMDAwMDAwMDAwMCwidXBkYXRlIjoyNzAwMDAwMDAwMDAwfX0=",
          "dependencies": [
            "azurerm_resource_group.main",
            "module.network.azurerm_subnet.subnet",
            "module.network.azurerm_virtual_network.vnet",
            "module.vm.azapi_resource.ssh_public_key",
            "module.vm.azapi_resource_action.ssh_public_key_gen",
            "module.vm.azurerm_network_interface.web_nic",
            "module.vm.azurerm_public_ip.web_public_ip",
            "module.vm.random_pet.ssh_key_name"
          ]
        }
      ]
    },
    {
      "module": "module.vm",
      "mode": "managed",
      "type": "azurerm_network_interface",
      "name": "db_nic",
      "provider": "provider[\"registry.terraform.io/hashicorp/azurerm\"]",
      "instances": [
        {
          "index_key": 0,
          "schema_version": 0,
          "attributes": {
            "accelerated_networking_enabled": false,
            "applied_dns_servers": [],
            "auxiliary_mode": "",
            "auxiliary_sku": "",
            "dns_servers": [],
            "edge_zone": "",
            "enable_accelerated_networking": false,
            "enable_ip_forwarding": false,
            "id": "/subscriptions/adb1fec0-5b72-4581-bf80-43770a4b9bfb/resourceGroups/my-resource-group/providers/Microsoft.Network/networkInterfaces/db-nic-1",
            "internal_dns_name_label": "",
            "internal_domain_name_suffix": "d4xiul1wwm3ufa0bwn5ne5e3db.ax.internal.cloudapp.net",
            "ip_configuration": [
              {
                "gateway_load_balancer_frontend_ip_configuration_id": "",
                "name": "db-ip-config-1",
                "primary": true,
                "private_ip_address": "10.0.1.5",
                "private_ip_address_allocation": "Dynamic",
                "private_ip_address_version": "IPv4",
                "public_ip_address_id": "",
                "subnet_id": "/subscriptions/adb1fec0-5b72-4581-bf80-43770a4b9bfb/resourceGroups/my-resource-group/providers/Microsoft.Network/virtualNetworks/myVNet/subnets/mySubnet"
              }
            ],
            "ip_forwarding_enabled": false,
            "location": "westeurope",
            "mac_address": "",
            "name": "db-nic-1",
            "private_ip_address": "10.0.1.5",
            "private_ip_addresses": [
              "10.0.1.5"
            ],
            "resource_group_name": "my-resource-group",
            "tags": null,
            "timeouts": null,
            "virtual_machine_id": ""
          },
          "sensitive_attributes": [],
          "private": "eyJlMmJmYjczMC1lY2FhLTExZTYtOGY4OC0zNDM2M2JjN2M0YzAiOnsiY3JlYXRlIjoxODAwMDAwMDAwMDAwLCJkZWxldGUiOjE4MDAwMDAwMDAwMDAsInJlYWQiOjMwMDAwMDAwMDAwMCwidXBkYXRlIjoxODAwMDAwMDAwMDAwfX0=",
          "dependencies": [
            "azurerm_resource_group.main",
            "module.network.azurerm_subnet.subnet",
            "module.network.azurerm_virtual_network.vnet"
          ]
        },
        {
          "index_key": 1,
          "schema_version": 0,
          "attributes": {
            "accelerated_networking_enabled": false,
            "applied_dns_servers": [],
            "auxiliary_mode": "",
            "auxiliary_sku": "",
            "dns_servers": [],
            "edge_zone": "",
            "enable_accelerated_networking": false,
            "enable_ip_forwarding": false,
            "id": "/subscriptions/adb1fec0-5b72-4581-bf80-43770a4b9bfb/resourceGroups/my-resource-group/providers/Microsoft.Network/networkInterfaces/db-nic-2",
            "internal_dns_name_label": "",
            "internal_domain_name_suffix": "d4xiul1wwm3ufa0bwn5ne5e3db.ax.internal.cloudapp.net",
            "ip_configuration": [
              {
                "gateway_load_balancer_frontend_ip_configuration_id": "",
                "name": "db-ip-config-2",
                "primary": true,
                "private_ip_address": "10.0.1.4",
                "private_ip_address_allocation": "Dynamic",
                "private_ip_address_version": "IPv4",
                "public_ip_address_id": "",
                "subnet_id": "/subscriptions/adb1fec0-5b72-4581-bf80-43770a4b9bfb/resourceGroups/my-resource-group/providers/Microsoft.Network/virtualNetworks/myVNet/subnets/mySubnet"
              }
            ],
            "ip_forwarding_enabled": false,
            "location": "westeurope",
            "mac_address": "",
            "name": "db-nic-2",
            "private_ip_address": "10.0.1.4",
            "private_ip_addresses": [
              "10.0.1.4"
            ],
            "resource_group_name": "my-resource-group",
            "tags": null,
            "timeouts": null,
            "virtual_machine_id": ""
          },
          "sensitive_attributes": [],
          "private": "eyJlMmJmYjczMC1lY2FhLTExZTYtOGY4OC0zNDM2M2JjN2M0YzAiOnsiY3JlYXRlIjoxODAwMDAwMDAwMDAwLCJkZWxldGUiOjE4MDAwMDAwMDAwMDAsInJlYWQiOjMwMDAwMDAwMDAwMCwidXBkYXRlIjoxODAwMDAwMDAwMDAwfX0=",
          "dependencies": [
            "azurerm_resource_group.main",
            "module.network.azurerm_subnet.subnet",
            "module.network.azurerm_virtual_network.vnet"
          ]
        }
      ]
    },
    {
      "module": "module.vm",
      "mode": "managed",
      "type": "azurerm_network_interface",
      "name": "web_nic",
      "provider": "provider[\"registry.terraform.io/hashicorp/azurerm\"]",
      "instances": [
        {
          "schema_version": 0,
          "attributes": {
            "accelerated_networking_enabled": false,
            "applied_dns_servers": [],
            "auxiliary_mode": "",
            "auxiliary_sku": "",
            "dns_servers": [],
            "edge_zone": "",
            "enable_accelerated_networking": false,
            "enable_ip_forwarding": false,
            "id": "/subscriptions/adb1fec0-5b72-4581-bf80-43770a4b9bfb/resourceGroups/my-resource-group/providers/Microsoft.Network/networkInterfaces/web-nic",
            "internal_dns_name_label": "",
            "internal_domain_name_suffix": "d4xiul1wwm3ufa0bwn5ne5e3db.ax.internal.cloudapp.net",
            "ip_configuration": [
              {
                "gateway_load_balancer_frontend_ip_configuration_id": "",
                "name": "web-ip-config",
                "primary": true,
                "private_ip_address": "10.0.1.6",
                "private_ip_address_allocation": "Dynamic",
                "private_ip_address_version": "IPv4",
                "public_ip_address_id": "/subscriptions/adb1fec0-5b72-4581-bf80-43770a4b9bfb/resourceGroups/my-resource-group/providers/Microsoft.Network/publicIPAddresses/web-public-ip",
                "subnet_id": "/subscriptions/adb1fec0-5b72-4581-bf80-43770a4b9bfb/resourceGroups/my-resource-group/providers/Microsoft.Network/virtualNetworks/myVNet/subnets/mySubnet"
              }
            ],
            "ip_forwarding_enabled": false,
            "location": "westeurope",
            "mac_address": "",
            "name": "web-nic",
            "private_ip_address": "10.0.1.6",
            "private_ip_addresses": [
              "10.0.1.6"
            ],
            "resource_group_name": "my-resource-group",
            "tags": null,
            "timeouts": null,
            "virtual_machine_id": ""
          },
          "sensitive_attributes": [],
          "private": "eyJlMmJmYjczMC1lY2FhLTExZTYtOGY4OC0zNDM2M2JjN2M0YzAiOnsiY3JlYXRlIjoxODAwMDAwMDAwMDAwLCJkZWxldGUiOjE4MDAwMDAwMDAwMDAsInJlYWQiOjMwMDAwMDAwMDAwMCwidXBkYXRlIjoxODAwMDAwMDAwMDAwfX0=",
          "dependencies": [
            "azurerm_resource_group.main",
            "module.network.azurerm_subnet.subnet",
            "module.network.azurerm_virtual_network.vnet",
            "module.vm.azurerm_public_ip.web_public_ip"
          ]
        }
      ]
    },
    {
      "module": "module.vm",
      "mode": "managed",
      "type": "azurerm_public_ip",
      "name": "web_public_ip",
      "provider": "provider[\"registry.terraform.io/hashicorp/azurerm\"]",
      "instances": [
        {
          "schema_version": 0,
          "attributes": {
            "allocation_method": "Dynamic",
            "ddos_protection_mode": "VirtualNetworkInherited",
            "ddos_protection_plan_id": null,
            "domain_name_label": null,
            "edge_zone": "",
            "fqdn": null,
            "id": "/subscriptions/adb1fec0-5b72-4581-bf80-43770a4b9bfb/resourceGroups/my-resource-group/providers/Microsoft.Network/publicIPAddresses/web-public-ip",
            "idle_timeout_in_minutes": 4,
            "ip_address": "",
            "ip_tags": null,
            "ip_version": "IPv4",
            "location": "westeurope",
            "name": "web-public-ip",
            "public_ip_prefix_id": null,
            "resource_group_name": "my-resource-group",
            "reverse_fqdn": null,
            "sku": "Basic",
            "sku_tier": "Regional",
            "tags": null,
            "timeouts": null,
            "zones": null
          },
          "sensitive_attributes": [],
          "private": "eyJlMmJmYjczMC1lY2FhLTExZTYtOGY4OC0zNDM2M2JjN2M0YzAiOnsiY3JlYXRlIjoxODAwMDAwMDAwMDAwLCJkZWxldGUiOjE4MDAwMDAwMDAwMDAsInJlYWQiOjMwMDAwMDAwMDAwMCwidXBkYXRlIjoxODAwMDAwMDAwMDAwfX0=",
          "dependencies": [
            "azurerm_resource_group.main"
          ]
        }
      ]
    },
    {
      "module": "module.vm",
      "mode": "managed",
      "type": "random_pet",
      "name": "rg_name",
      "provider": "provider[\"registry.terraform.io/hashicorp/random\"]",
      "instances": [
        {
          "schema_version": 0,
          "attributes": {
            "id": "my-resource-group-ready-monarch",
            "keepers": null,
            "length": 2,
            "prefix": "my-resource-group",
            "separator": "-"
          },
          "sensitive_attributes": [],
          "dependencies": [
            "azurerm_resource_group.main"
          ]
        }
      ]
    },
    {
      "module": "module.vm",
      "mode": "managed",
      "type": "random_pet",
      "name": "ssh_key_name",
      "provider": "provider[\"registry.terraform.io/hashicorp/random\"]",
      "instances": [
        {
          "schema_version": 0,
          "attributes": {
            "id": "sshprettytarpon",
            "keepers": null,
            "length": 2,
            "prefix": "ssh",
            "separator": ""
          },
          "sensitive_attributes": []
        }
      ]
    }
  ],
  "check_results": null
}
